
Microsoft Visual Studio Solution File, Format Version 12.00
# Visual Studio 2012
Project("{9092AA53-FB77-4645-B42D-1CCCA6BD08BD}") = "SimpleModuleNodeJS", "SimpleModuleNodeJS\SimpleModuleNodeJS.njsproj", "{12C2F825-F6DA-4543-B220-75E6E50059DA}"
EndProject
Global
	GlobalSection(SolutionConfigurationPlatforms) = preSolution
		Debug|Any CPU = Debug|Any CPU
		Release|Any CPU = Release|Any CPU
	EndGlobalSection
	GlobalSection(ProjectConfigurationPlatforms) = postSolution
		{12C2F825-F6DA-4543-B220-75E6E50059DA}.Debug|Any CPU.ActiveCfg = Debug|Any CPU
		{12C2F825-F6DA-4543-B220-75E6E50059DA}.Debug|Any CPU.Build.0 = Debug|Any CPU
		{12C2F825-F6DA-4543-B220-75E6E50059DA}.Release|Any CPU.ActiveCfg = Release|Any CPU
		{12C2F825-F6DA-4543-B220-75E6E50059DA}.Release|Any CPU.Build.0 = Release|Any CPU
	EndGlobalSection
	GlobalSection(SolutionProperties) = preSolution
		HideSolutionNode = FALSE
	EndGlobalSection
EndGlobal
